
Microsoft Visual Studio Solution File, Format Version 12.00
# Visual Studio Version 16
VisualStudioVersion = 16.0.810.11
MinimumVisualStudioVersion = 10.0.40219.1
Project("{FAE04EC0-301F-11D3-BF4B-00C04F79EFBC}") = "CommunicationCommom", "CommunicationCommon\CommunicationCommon.csproj", "{63E56C90-6C34-4A25-8398-ADD88BA96801}"
EndProject
Global
	GlobalSection(SolutionConfigurationPlatforms) = preSolution
		Debug|Any CPU = Debug|Any CPU
		Release|Any CPU = Release|Any CPU
	EndGlobalSection
	GlobalSection(ProjectConfigurationPlatforms) = postSolution
		{63E56C90-6C34-4A25-8398-ADD88BA96801}.Debug|Any CPU.ActiveCfg = Debug|Any CPU
		{63E56C90-6C34-4A25-8398-ADD88BA96801}.Debug|Any CPU.Build.0 = Debug|Any CPU
		{63E56C90-6C34-4A25-8398-ADD88BA96801}.Release|Any CPU.ActiveCfg = Release|Any CPU
		{63E56C90-6C34-4A25-8398-ADD88BA96801}.Release|Any CPU.Build.0 = Release|Any CPU
	EndGlobalSection
	GlobalSection(SolutionProperties) = preSolution
		HideSolutionNode = FALSE
	EndGlobalSection
	GlobalSection(ExtensibilityGlobals) = postSolution
		SolutionGuid = {E0F5BC15-EA00-4C45-9ACD-8419116F69F8}
	EndGlobalSection
EndGlobal
