
Microsoft Visual Studio Solution File, Format Version 12.00
# Visual Studio Version 16
VisualStudioVersion = 25.0.1704.0
MinimumVisualStudioVersion = 10.0.40219.1
Project("{FAE04EC0-301F-11D3-BF4B-00C04F79EFBC}") = "iOS.CallingUI.Binding", "iOS.CallingUI.Binding.csproj", "{2D8482B3-E24B-495C-8185-FA16927F1335}"
EndProject
Global
	GlobalSection(SolutionConfigurationPlatforms) = preSolution
		Debug|Any CPU = Debug|Any CPU
		Release|Any CPU = Release|Any CPU
	EndGlobalSection
	GlobalSection(ProjectConfigurationPlatforms) = postSolution
		{2D8482B3-E24B-495C-8185-FA16927F1335}.Debug|Any CPU.ActiveCfg = Debug|Any CPU
		{2D8482B3-E24B-495C-8185-FA16927F1335}.Debug|Any CPU.Build.0 = Debug|Any CPU
		{2D8482B3-E24B-495C-8185-FA16927F1335}.Release|Any CPU.ActiveCfg = Release|Any CPU
		{2D8482B3-E24B-495C-8185-FA16927F1335}.Release|Any CPU.Build.0 = Release|Any CPU
	EndGlobalSection
	GlobalSection(SolutionProperties) = preSolution
		HideSolutionNode = FALSE
	EndGlobalSection
	GlobalSection(ExtensibilityGlobals) = postSolution
		SolutionGuid = {37C73255-FD0A-4B83-85AD-8FE8C11FF81E}
	EndGlobalSection
EndGlobal
